// !$*UTF8*$!
{
	archiveVersion = 1;
	classes = {
	};
	objectVersion = 55;
	objects = {

/* Begin PBXBuildFile section */
		DCCDFB55282E2FF400E914D4 /* AppDelegate.swift in Sources */ = {isa = PBXBuildFile; fileRef = DCCDFB54282E2FF400E914D4 /* AppDelegate.swift */; };
		DCCDFB57282E2FF400E914D4 /* SceneDelegate.swift in Sources */ = {isa = PBXBuildFile; fileRef = DCCDFB56282E2FF400E914D4 /* SceneDelegate.swift */; };
		DCCDFB5C282E2FF400E914D4 /* Main.storyboard in Resources */ = {isa = PBXBuildFile; fileRef = DCCDFB5A282E2FF400E914D4 /* Main.storyboard */; };
		DCCDFB5E282E2FF500E914D4 /* Assets.xcassets in Resources */ = {isa = PBXBuildFile; fileRef = DCCDFB5D282E2FF500E914D4 /* Assets.xcassets */; };
		DCCDFB61282E2FF500E914D4 /* LaunchScreen.storyboard in Resources */ = {isa = PBXBuildFile; fileRef = DCCDFB5F282E2FF500E914D4 /* LaunchScreen.storyboard */; };
		DCCDFB69282E357300E914D4 /* TableViewController.swift in Sources */ = {isa = PBXBuildFile; fileRef = DCCDFB68282E357300E914D4 /* TableViewController.swift */; };
		DCCDFB6B282E35A400E914D4 /* AddViewController.swift in Sources */ = {isa = PBXBuildFile; fileRef = DCCDFB6A282E35A400E914D4 /* AddViewController.swift */; };
		DCCDFB6D282E35B800E914D4 /* DetailViewController.swift in Sources */ = {isa = PBXBuildFile; fileRef = DCCDFB6C282E35B800E914D4 /* DetailViewController.swift */; };
		DCCDFB71282E37E300E914D4 /* clock.png in Resources */ = {isa = PBXBuildFile; fileRef = DCCDFB6E282E37E300E914D4 /* clock.png */; };
		DCCDFB72282E37E300E914D4 /* cart.png in Resources */ = {isa = PBXBuildFile; fileRef = DCCDFB6F282E37E300E914D4 /* cart.png */; };
		DCCDFB73282E37E300E914D4 /* pencil.jpeg in Resources */ = {isa = PBXBuildFile; fileRef = DCCDFB70282E37E300E914D4 /* pencil.jpeg */; };
/* End PBXBuildFile section */

/* Begin PBXFileReference section */
		DCCDFB51282E2FF400E914D4 /* Table.app */ = {isa = PBXFileReference; explicitFileType = wrapper.application; includeInIndex = 0; path = Table.app; sourceTree = BUILT_PRODUCTS_DIR; };
		DCCDFB54282E2FF400E914D4 /* AppDelegate.swift */ = {isa = PBXFileReference; lastKnownFileType = sourcecode.swift; path = AppDelegate.swift; sourceTree = "<group>"; };
		DCCDFB56282E2FF400E914D4 /* SceneDelegate.swift */ = {isa = PBXFileReference; lastKnownFileType = sourcecode.swift; path = SceneDelegate.swift; sourceTree = "<group>"; };
		DCCDFB5B282E2FF400E914D4 /* Base */ = {isa = PBXFileReference; lastKnownFileType = file.storyboard; name = Base; path = Base.lproj/Main.storyboard; sourceTree = "<group>"; };
		DCCDFB5D282E2FF500E914D4 /* Assets.xcassets */ = {isa = PBXFileReference; lastKnownFileType = folder.assetcatalog; path = Assets.xcassets; sourceTree = "<group>"; };
		DCCDFB60282E2FF500E914D4 /* Base */ = {isa = PBXFileReference; lastKnownFileType = file.storyboard; name = Base; path = Base.lproj/LaunchScreen.storyboard; sourceTree = "<group>"; };
		DCCDFB62282E2FF500E914D4 /* Info.plist */ = {isa = PBXFileReference; lastKnownFileType = text.plist.xml; path = Info.plist; sourceTree = "<group>"; };
		DCCDFB68282E357300E914D4 /* TableViewController.swift */ = {isa = PBXFileReference; lastKnownFileType = sourcecode.swift; path = TableViewController.swift; sourceTree = "<group>"; };
		DCCDFB6A282E35A400E914D4 /* AddViewController.swift */ = {isa = PBXFileReference; lastKnownFileType = sourcecode.swift; path = AddViewController.swift; sourceTree = "<group>"; };
		DCCDFB6C282E35B800E914D4 /* DetailViewController.swift */ = {isa = PBXFileReference; lastKnownFileType = sourcecode.swift; path = DetailViewController.swift; sourceTree = "<group>"; };
		DCCDFB6E282E37E300E914D4 /* clock.png */ = {isa = PBXFileReference; lastKnownFileType = image.png; name = clock.png; path = ../../clock.png; sourceTree = "<group>"; };
		DCCDFB6F282E37E300E914D4 /* cart.png */ = {isa = PBXFileReference; lastKnownFileType = image.png; name = cart.png; path = ../../cart.png; sourceTree = "<group>"; };
		DCCDFB70282E37E300E914D4 /* pencil.jpeg */ = {isa = PBXFileReference; lastKnownFileType = image.jpeg; name = pencil.jpeg; path = ../../pencil.jpeg; sourceTree = "<group>"; };
/* End PBXFileReference section */

/* Begin PBXFrameworksBuildPhase section */
		DCCDFB4E282E2FF400E914D4 /* Frameworks */ = {
			isa = PBXFrameworksBuildPhase;
			buildActionMask = 2147483647;
			files = (
			);
			runOnlyForDeploymentPostprocessing = 0;
		};
/* End PBXFrameworksBuildPhase section */

/* Begin PBXGroup section */
		DCCDFB48282E2FF400E914D4 = {
			isa = PBXGroup;
			children = (
				DCCDFB53282E2FF400E914D4 /* Table */,
				DCCDFB52282E2FF400E914D4 /* Products */,
			);
			sourceTree = "<group>";
		};
		DCCDFB52282E2FF400E914D4 /* Products */ = {
			isa = PBXGroup;
			children = (
				DCCDFB51282E2FF400E914D4 /* Table.app */,
			);
			name = Products;
			sourceTree = "<group>";
		};
		DCCDFB53282E2FF400E914D4 /* Table */ = {
			isa = PBXGroup;
			children = (
				DCCDFB6F282E37E300E914D4 /* cart.png */,
				DCCDFB6E282E37E300E914D4 /* clock.png */,
				DCCDFB70282E37E300E914D4 /* pencil.jpeg */,
				DCCDFB54282E2FF400E914D4 /* AppDelegate.swift */,
				DCCDFB6A282E35A400E914D4 /* AddViewController.swift */,
				DCCDFB6C282E35B800E914D4 /* DetailViewController.swift */,
				DCCDFB68282E357300E914D4 /* TableViewController.swift */,
				DCCDFB56282E2FF400E914D4 /* SceneDelegate.swift */,
				DCCDFB5A282E2FF400E914D4 /* Main.storyboard */,
				DCCDFB5D282E2FF500E914D4 /* Assets.xcassets */,
				DCCDFB5F282E2FF500E914D4 /* LaunchScreen.storyboard */,
				DCCDFB62282E2FF500E914D4 /* Info.plist */,
			);
			path = Table;
			sourceTree = "<group>";
		};
/* End PBXGroup section */

/* Begin PBXNativeTarget section */
		DCCDFB50282E2FF400E914D4 /* Table */ = {
			isa = PBXNativeTarget;
			buildConfigurationList = DCCDFB65282E2FF500E914D4 /* Build configuration list for PBXNativeTarget "Table" */;
			buildPhases = (
				DCCDFB4D282E2FF400E914D4 /* Sources */,
				DCCDFB4E282E2FF400E914D4 /* Frameworks */,
				DCCDFB4F282E2FF400E914D4 /* Resources */,
			);
			buildRules = (
			);
			dependencies = (
			);
			name = Table;
			productName = Table;
			productReference = DCCDFB51282E2FF400E914D4 /* Table.app */;
			productType = "com.apple.product-type.application";
		};
/* End PBXNativeTarget section */

/* Begin PBXProject section */
		DCCDFB49282E2FF400E914D4 /* Project object */ = {
			isa = PBXProject;
			attributes = {
				BuildIndependentTargetsInParallel = 1;
				LastSwiftUpdateCheck = 1320;
				LastUpgradeCheck = 1320;
				TargetAttributes = {
					DCCDFB50282E2FF400E914D4 = {
						CreatedOnToolsVersion = 13.2.1;
					};
				};
			};
			buildConfigurationList = DCCDFB4C282E2FF400E914D4 /* Build configuration list for PBXProject "Table" */;
			compatibilityVersion = "Xcode 13.0";
			developmentRegion = en;
			hasScannedForEncodings = 0;
			knownRegions = (
				en,
				Base,
			);
			mainGroup = DCCDFB48282E2FF400E914D4;
			productRefGroup = DCCDFB52282E2FF400E914D4 /* Products */;
			projectDirPath = "";
			projectRoot = "";
			targets = (
				DCCDFB50282E2FF400E914D4 /* Table */,
			);
		};
/* End PBXProject section */

/* Begin PBXResourcesBuildPhase section */
		DCCDFB4F282E2FF400E914D4 /* Resources */ = {
			isa = PBXResourcesBuildPhase;
			buildActionMask = 2147483647;
			files = (
				DCCDFB71282E37E300E914D4 /* clock.png in Resources */,
				DCCDFB72282E37E300E914D4 /* cart.png in Resources */,
				DCCDFB61282E2FF500E914D4 /* LaunchScreen.storyboard in Resources */,
				DCCDFB5E282E2FF500E914D4 /* Assets.xcassets in Resources */,
				DCCDFB73282E37E300E914D4 /* pencil.jpeg in Resources */,
				DCCDFB5C282E2FF400E914D4 /* Main.storyboard in Resources */,
			);
			runOnlyForDeploymentPostprocessing = 0;
		};
/* End PBXResourcesBuildPhase section */

/* Begin PBXSourcesBuildPhase section */
		DCCDFB4D282E2FF400E914D4 /* Sources */ = {
			isa = PBXSourcesBuildPhase;
			buildActionMask = 2147483647;
			files = (
				DCCDFB55282E2FF400E914D4 /* AppDelegate.swift in Sources */,
				DCCDFB69282E357300E914D4 /* TableViewController.swift in Sources */,
				DCCDFB6D282E35B800E914D4 /* DetailViewController.swift in Sources */,
				DCCDFB6B282E35A400E914D4 /* AddViewController.swift in Sources */,
				DCCDFB57282E2FF400E914D4 /* SceneDelegate.swift in Sources */,
			);
			runOnlyForDeploymentPostprocessing = 0;
		};
/* End PBXSourcesBuildPhase section */

/* Begin PBXVariantGroup section */
		DCCDFB5A282E2FF400E914D4 /* Main.storyboard */ = {
			isa = PBXVariantGroup;
			children = (
				DCCDFB5B282E2FF400E914D4 /* Base */,
			);
			name = Main.storyboard;
			sourceTree = "<group>";
		};
		DCCDFB5F282E2FF500E914D4 /* LaunchScreen.storyboard */ = {
			isa = PBXVariantGroup;
			children = (
				DCCDFB60282E2FF500E914D4 /* Base */,
			);
			name = LaunchScreen.storyboard;
			sourceTree = "<group>";
		};
/* End PBXVariantGroup section */

/* Begin XCBuildConfiguration section */
		DCCDFB63282E2FF500E914D4 /* Debug */ = {
			isa = XCBuildConfiguration;
			buildSettings = {
				ALWAYS_SEARCH_USER_PATHS = NO;
				CLANG_ANALYZER_NONNULL = YES;
				CLANG_ANALYZER_NUMBER_OBJECT_CONVERSION = YES_AGGRESSIVE;
				CLANG_CXX_LANGUAGE_STANDARD = "gnu++17";
				CLANG_CXX_LIBRARY = "libc++";
				CLANG_ENABLE_MODULES = YES;
				CLANG_ENABLE_OBJC_ARC = YES;
				CLANG_ENABLE_OBJC_WEAK = YES;
				CLANG_WARN_BLOCK_CAPTURE_AUTORELEASING = YES;
				CLANG_WARN_BOOL_CONVERSION = YES;
				CLANG_WARN_COMMA = YES;
				CLANG_WARN_CONSTANT_CONVERSION = YES;
				CLANG_WARN_DEPRECATED_OBJC_IMPLEMENTATIONS = YES;
				CLANG_WARN_DIRECT_OBJC_ISA_USAGE = YES_ERROR;
				CLANG_WARN_DOCUMENTATION_COMMENTS = YES;
				CLANG_WARN_EMPTY_BODY = YES;
				CLANG_WARN_ENUM_CONVERSION = YES;
				CLANG_WARN_INFINITE_RECURSION = YES;
				CLANG_WARN_INT_CONVERSION = YES;
				CLANG_WARN_NON_LITERAL_NULL_CONVERSION = YES;
				CLANG_WARN_OBJC_IMPLICIT_RETAIN_SELF = YES;
				CLANG_WARN_OBJC_LITERAL_CONVERSION = YES;
				CLANG_WARN_OBJC_ROOT_CLASS = YES_ERROR;
				CLANG_WARN_QUOTED_INCLUDE_IN_FRAMEWORK_HEADER = YES;
				CLANG_WARN_RANGE_LOOP_ANALYSIS = YES;
				CLANG_WARN_STRICT_PROTOTYPES = YES;
				CLANG_WARN_SUSPICIOUS_MOVE = YES;
				CLANG_WARN_UNGUARDED_AVAILABILITY = YES_AGGRESSIVE;
				CLANG_WARN_UNREACHABLE_CODE = YES;
				CLANG_WARN__DUPLICATE_METHOD_MATCH = YES;
				COPY_PHASE_STRIP = NO;
				DEBUG_INFORMATION_FORMAT = dwarf;
				ENABLE_STRICT_OBJC_MSGSEND = YES;
				ENABLE_TESTABILITY = YES;
				GCC_C_LANGUAGE_STANDARD = gnu11;
				GCC_DYNAMIC_NO_PIC = NO;
				GCC_NO_COMMON_BLOCKS = YES;
				GCC_OPTIMIZATION_LEVEL = 0;
				GCC_PREPROCESSOR_DEFINITIONS = (
					"DEBUG=1",
					"$(inherited)",
				);
				GCC_WARN_64_TO_32_BIT_CONVERSION = YES;
				GCC_WARN_ABOUT_RETURN_TYPE = YES_ERROR;
				GCC_WARN_UNDECLARED_SELECTOR = YES;
				GCC_WARN_UNINITIALIZED_AUTOS = YES_AGGRESSIVE;
				GCC_WARN_UNUSED_FUNCTION = YES;
				GCC_WARN_UNUSED_VARIABLE = YES;
				IPHONEOS_DEPLOYMENT_TARGET = 15.2;
				MTL_ENABLE_DEBUG_INFO = INCLUDE_SOURCE;
				MTL_FAST_MATH = YES;
				ONLY_ACTIVE_ARCH = YES;
				SDKROOT = iphoneos;
				SWIFT_ACTIVE_COMPILATION_CONDITIONS = DEBUG;
				SWIFT_OPTIMIZATION_LEVEL = "-Onone";
			};
			name = Debug;
		};
		DCCDFB64282E2FF500E914D4 /* Release */ = {
			isa = XCBuildConfiguration;
			buildSettings = {
				ALWAYS_SEARCH_USER_PATHS = NO;
				CLANG_ANALYZER_NONNULL = YES;
				CLANG_ANALYZER_NUMBER_OBJECT_CONVERSION = YES_AGGRESSIVE;
				CLANG_CXX_LANGUAGE_STANDARD = "gnu++17";
				CLANG_CXX_LIBRARY = "libc++";
				CLANG_ENABLE_MODULES = YES;
				CLANG_ENABLE_OBJC_ARC = YES;
				CLANG_ENABLE_OBJC_WEAK = YES;
				CLANG_WARN_BLOCK_CAPTURE_AUTORELEASING = YES;
				CLANG_WARN_BOOL_CONVERSION = YES;
				CLANG_WARN_COMMA = YES;
				CLANG_WARN_CONSTANT_CONVERSION = YES;
				CLANG_WARN_DEPRECATED_OBJC_IMPLEMENTATIONS = YES;
				CLANG_WARN_DIRECT_OBJC_ISA_USAGE = YES_ERROR;
				CLANG_WARN_DOCUMENTATION_COMMENTS = YES;
				CLANG_WARN_EMPTY_BODY = YES;
				CLANG_WARN_ENUM_CONVERSION = YES;
				CLANG_WARN_INFINITE_RECURSION = YES;
				CLANG_WARN_INT_CONVERSION = YES;
				CLANG_WARN_NON_LITERAL_NULL_CONVERSION = YES;
				CLANG_WARN_OBJC_IMPLICIT_RETAIN_SELF = YES;
				CLANG_WARN_OBJC_LITERAL_CONVERSION = YES;
				CLANG_WARN_OBJC_ROOT_CLASS = YES_ERROR;
				CLANG_WARN_QUOTED_INCLUDE_IN_FRAMEWORK_HEADER = YES;
				CLANG_WARN_RANGE_LOOP_ANALYSIS = YES;
				CLANG_WARN_STRICT_PROTOTYPES = YES;
				CLANG_WARN_SUSPICIOUS_MOVE = YES;
				CLANG_WARN_UNGUARDED_AVAILABILITY = YES_AGGRESSIVE;
				CLANG_WARN_UNREACHABLE_CODE = YES;
				CLANG_WARN__DUPLICATE_METHOD_MATCH = YES;
				COPY_PHASE_STRIP = NO;
				DEBUG_INFORMATION_FORMAT = "dwarf-with-dsym";
				ENABLE_NS_ASSERTIONS = NO;
				ENABLE_STRICT_OBJC_MSGSEND = YES;
				GCC_C_LANGUAGE_STANDARD = gnu11;
				GCC_NO_COMMON_BLOCKS = YES;
				GCC_WARN_64_TO_32_BIT_CONVERSION = YES;
				GCC_WARN_ABOUT_RETURN_TYPE = YES_ERROR;
				GCC_WARN_UNDECLARED_SELECTOR = YES;
				GCC_WARN_UNINITIALIZED_AUTOS = YES_AGGRESSIVE;
				GCC_WARN_UNUSED_FUNCTION = YES;
				GCC_WARN_UNUSED_VARIABLE = YES;
				IPHONEOS_DEPLOYMENT_TARGET = 15.2;
				MTL_ENABLE_DEBUG_INFO = NO;
				MTL_FAST_MATH = YES;
				SDKROOT = iphoneos;
				SWIFT_COMPILATION_MODE = wholemodule;
				SWIFT_OPTIMIZATION_LEVEL = "-O";
				VALIDATE_PRODUCT = YES;
			};
			name = Release;
		};
		DCCDFB66282E2FF500E914D4 /* Debug */ = {
			isa = XCBuildConfiguration;
			buildSettings = {
				ASSETCATALOG_COMPILER_APPICON_NAME = AppIcon;
				ASSETCATALOG_COMPILER_GLOBAL_ACCENT_COLOR_NAME = AccentColor;
				CODE_SIGN_STYLE = Automatic;
				CURRENT_PROJECT_VERSION = 1;
				GENERATE_INFOPLIST_FILE = YES;
				INFOPLIST_FILE = Table/Info.plist;
				INFOPLIST_KEY_UIApplicationSupportsIndirectInputEvents = YES;
				INFOPLIST_KEY_UILaunchStoryboardName = LaunchScreen;
				INFOPLIST_KEY_UIMainStoryboardFile = Main;
				INFOPLIST_KEY_UISupportedInterfaceOrientations_iPad = "UIInterfaceOrientationPortrait UIInterfaceOrientationPortraitUpsideDown UIInterfaceOrientationLandscapeLeft UIInterfaceOrientationLandscapeRight";
				INFOPLIST_KEY_UISupportedInterfaceOrientations_iPhone = "UIInterfaceOrientationPortrait UIInterfaceOrientationLandscapeLeft UIInterfaceOrientationLandscapeRight";
				LD_RUNPATH_SEARCH_PATHS = (
					"$(inherited)",
					"@executable_path/Frameworks",
				);
				MARKETING_VERSION = 1.0;
				PRODUCT_BUNDLE_IDENTIFIER = kr.ac.induk.www.Table;
				PRODUCT_NAME = "$(TARGET_NAME)";
				SWIFT_EMIT_LOC_STRINGS = YES;
				SWIFT_VERSION = 5.0;
				TARGETED_DEVICE_FAMILY = "1,2";
			};
			name = Debug;
		};
		DCCDFB67282E2FF500E914D4 /* Release */ = {
			isa = XCBuildConfiguration;
			buildSettings = {
				ASSETCATALOG_COMPILER_APPICON_NAME = AppIcon;
				ASSETCATALOG_COMPILER_GLOBAL_ACCENT_COLOR_NAME = AccentColor;
				CODE_SIGN_STYLE = Automatic;
				CURRENT_PROJECT_VERSION = 1;
				GENERATE_INFOPLIST_FILE = YES;
				INFOPLIST_FILE = Table/Info.plist;
				INFOPLIST_KEY_UIApplicationSupportsIndirectInputEvents = YES;
				INFOPLIST_KEY_UILaunchStoryboardName = LaunchScreen;
				INFOPLIST_KEY_UIMainStoryboardFile = Main;
				INFOPLIST_KEY_UISupportedInterfaceOrientations_iPad = "UIInterfaceOrientationPortrait UIInterfaceOrientationPortraitUpsideDown UIInterfaceOrientationLandscapeLeft UIInterfaceOrientationLandscapeRight";
				INFOPLIST_KEY_UISupportedInterfaceOrientations_iPhone = "UIInterfaceOrientationPortrait UIInterfaceOrientationLandscapeLeft UIInterfaceOrientationLandscapeRight";
				LD_RUNPATH_SEARCH_PATHS = (
					"$(inherited)",
					"@executable_path/Frameworks",
				);
				MARKETING_VERSION = 1.0;
				PRODUCT_BUNDLE_IDENTIFIER = kr.ac.induk.www.Table;
				PRODUCT_NAME = "$(TARGET_NAME)";
				SWIFT_EMIT_LOC_STRINGS = YES;
				SWIFT_VERSION = 5.0;
				TARGETED_DEVICE_FAMILY = "1,2";
			};
			name = Release;
		};
/* End XCBuildConfiguration section */

/* Begin XCConfigurationList section */
		DCCDFB4C282E2FF400E914D4 /* Build configuration list for PBXProject "Table" */ = {
			isa = XCConfigurationList;
			buildConfigurations = (
				DCCDFB63282E2FF500E914D4 /* Debug */,
				DCCDFB64282E2FF500E914D4 /* Release */,
			);
			defaultConfigurationIsVisible = 0;
			defaultConfigurationName = Release;
		};
		DCCDFB65282E2FF500E914D4 /* Build configuration list for PBXNativeTarget "Table" */ = {
			isa = XCConfigurationList;
			buildConfigurations = (
				DCCDFB66282E2FF500E914D4 /* Debug */,
				DCCDFB67282E2FF500E914D4 /* Release */,
			);
			defaultConfigurationIsVisible = 0;
			defaultConfigurationName = Release;
		};
/* End XCConfigurationList section */
	};
	rootObject = DCCDFB49282E2FF400E914D4 /* Project object */;
}
